Microsoft Visual Studio Solution File, Format Version 12.00
# Visual Studio Version 17
VisualStudioVersion = 17.5.2.0
MinimumVisualStudioVersion = 10.0.40219.1
Project("{FAE04EC0-301F-11D3-BF4B-00C04F79EFBC}") = "InSpectra.Discovery.Tool", "InSpectra.Discovery.Tool\InSpectra.Discovery.Tool.csproj", "{AE308719-6525-6241-7A92-F3CA25CCBC64}"
EndProject
Global
	GlobalSection(SolutionConfigurationPlatforms) = preSolution
		Debug|Any CPU = Debug|Any CPU
		Release|Any CPU = Release|Any CPU
	EndGlobalSection
	GlobalSection(ProjectConfigurationPlatforms) = postSolution
		{AE308719-6525-6241-7A92-F3CA25CCBC64}.Debug|Any CPU.ActiveCfg = Debug|Any CPU
		{AE308719-6525-6241-7A92-F3CA25CCBC64}.Debug|Any CPU.Build.0 = Debug|Any CPU
		{AE308719-6525-6241-7A92-F3CA25CCBC64}.Release|Any CPU.ActiveCfg = Release|Any CPU
		{AE308719-6525-6241-7A92-F3CA25CCBC64}.Release|Any CPU.Build.0 = Release|Any CPU
	EndGlobalSection
	GlobalSection(SolutionProperties) = preSolution
		HideSolutionNode = FALSE
	EndGlobalSection
	GlobalSection(ExtensibilityGlobals) = postSolution
		SolutionGuid = {2460DD75-4F4D-4EB9-9BD7-D689F1064C54}
	EndGlobalSection
EndGlobal
